
Microsoft Visual Studio Solution File, Format Version 12.00
# Visual Studio Version 16
VisualStudioVersion = 16.0.31410.357
MinimumVisualStudioVersion = 10.0.40219.1
Project("{FAE04EC0-301F-11D3-BF4B-00C04F79EFBC}") = "FileBackUp", "FileBackUp.csproj", "{EC9754CA-5F5E-4858-A42B-E17EC52820FC}"
EndProject
Global
	GlobalSection(SolutionConfigurationPlatforms) = preSolution
		Debug|Any CPU = Debug|Any CPU
		Release|Any CPU = Release|Any CPU
	EndGlobalSection
	GlobalSection(ProjectConfigurationPlatforms) = postSolution
		{EC9754CA-5F5E-4858-A42B-E17EC52820FC}.Debug|Any CPU.ActiveCfg = Debug|Any CPU
		{EC9754CA-5F5E-4858-A42B-E17EC52820FC}.Debug|Any CPU.Build.0 = Debug|Any CPU
		{EC9754CA-5F5E-4858-A42B-E17EC52820FC}.Release|Any CPU.ActiveCfg = Release|Any CPU
		{EC9754CA-5F5E-4858-A42B-E17EC52820FC}.Release|Any CPU.Build.0 = Release|Any CPU
	EndGlobalSection
	GlobalSection(SolutionProperties) = preSolution
		HideSolutionNode = FALSE
	EndGlobalSection
	GlobalSection(ExtensibilityGlobals) = postSolution
		SolutionGuid = {B2E7743A-5644-4C3E-9563-4E4EEC498DBA}
	EndGlobalSection
EndGlobal
